
Microsoft Visual Studio Solution File, Format Version 12.00
# Visual Studio Version 17
VisualStudioVersion = 17.0.31903.59
MinimumVisualStudioVersion = 10.0.40219.1
Project("{FAE04EC0-301F-11D3-BF4B-00C04F79EFBC}") = "counter-api", "counter-api\counter-api.csproj", "{637364C7-D89F-49B6-BE1D-1CD97B2C2D85}"
EndProject
Project("{FAE04EC0-301F-11D3-BF4B-00C04F79EFBC}") = "barista-api", "barista-api\barista-api.csproj", "{C3BAF3D8-987F-45AD-8C98-DE6A06C6031A}"
EndProject
Project("{FAE04EC0-301F-11D3-BF4B-00C04F79EFBC}") = "kitchen-api", "kitchen-api\kitchen-api.csproj", "{8DEEFD7B-9A5E-4C49-B9A8-79D280AD80E2}"
EndProject
Project("{FAE04EC0-301F-11D3-BF4B-00C04F79EFBC}") = "product-api", "product-api\product-api.csproj", "{8BC6136D-1D36-4BA3-B0A7-85BB2CFD7DBF}"
EndProject
Global
	GlobalSection(SolutionConfigurationPlatforms) = preSolution
		Debug|Any CPU = Debug|Any CPU
		Release|Any CPU = Release|Any CPU
	EndGlobalSection
	GlobalSection(SolutionProperties) = preSolution
		HideSolutionNode = FALSE
	EndGlobalSection
	GlobalSection(ProjectConfigurationPlatforms) = postSolution
		{637364C7-D89F-49B6-BE1D-1CD97B2C2D85}.Debug|Any CPU.ActiveCfg = Debug|Any CPU
		{637364C7-D89F-49B6-BE1D-1CD97B2C2D85}.Debug|Any CPU.Build.0 = Debug|Any CPU
		{637364C7-D89F-49B6-BE1D-1CD97B2C2D85}.Release|Any CPU.ActiveCfg = Release|Any CPU
		{637364C7-D89F-49B6-BE1D-1CD97B2C2D85}.Release|Any CPU.Build.0 = Release|Any CPU
		{C3BAF3D8-987F-45AD-8C98-DE6A06C6031A}.Debug|Any CPU.ActiveCfg = Debug|Any CPU
		{C3BAF3D8-987F-45AD-8C98-DE6A06C6031A}.Debug|Any CPU.Build.0 = Debug|Any CPU
		{C3BAF3D8-987F-45AD-8C98-DE6A06C6031A}.Release|Any CPU.ActiveCfg = Release|Any CPU
		{C3BAF3D8-987F-45AD-8C98-DE6A06C6031A}.Release|Any CPU.Build.0 = Release|Any CPU
		{8DEEFD7B-9A5E-4C49-B9A8-79D280AD80E2}.Debug|Any CPU.ActiveCfg = Debug|Any CPU
		{8DEEFD7B-9A5E-4C49-B9A8-79D280AD80E2}.Debug|Any CPU.Build.0 = Debug|Any CPU
		{8DEEFD7B-9A5E-4C49-B9A8-79D280AD80E2}.Release|Any CPU.ActiveCfg = Release|Any CPU
		{8DEEFD7B-9A5E-4C49-B9A8-79D280AD80E2}.Release|Any CPU.Build.0 = Release|Any CPU
		{8BC6136D-1D36-4BA3-B0A7-85BB2CFD7DBF}.Debug|Any CPU.ActiveCfg = Debug|Any CPU
		{8BC6136D-1D36-4BA3-B0A7-85BB2CFD7DBF}.Debug|Any CPU.Build.0 = Debug|Any CPU
		{8BC6136D-1D36-4BA3-B0A7-85BB2CFD7DBF}.Release|Any CPU.ActiveCfg = Release|Any CPU
		{8BC6136D-1D36-4BA3-B0A7-85BB2CFD7DBF}.Release|Any CPU.Build.0 = Release|Any CPU
	EndGlobalSection
EndGlobal
